
Microsoft Visual Studio Solution File, Format Version 12.00
# Visual Studio 15
VisualStudioVersion = 15.0.28307.1340
MinimumVisualStudioVersion = 10.0.40219.1
Project("{FAE04EC0-301F-11D3-BF4B-00C04F79EFBC}") = "iRacingProfiles", "iRacingProfiles\iRacingProfiles.csproj", "{BDF3B5B6-3D43-43E9-B38B-B62FE0BD7A3C}"
EndProject
Global
	GlobalSection(SolutionConfigurationPlatforms) = preSolution
		Debug|Any CPU = Debug|Any CPU
		Release|Any CPU = Release|Any CPU
	EndGlobalSection
	GlobalSection(ProjectConfigurationPlatforms) = postSolution
		{BDF3B5B6-3D43-43E9-B38B-B62FE0BD7A3C}.Debug|Any CPU.ActiveCfg = Debug|Any CPU
		{BDF3B5B6-3D43-43E9-B38B-B62FE0BD7A3C}.Debug|Any CPU.Build.0 = Debug|Any CPU
		{BDF3B5B6-3D43-43E9-B38B-B62FE0BD7A3C}.Release|Any CPU.ActiveCfg = Release|Any CPU
		{BDF3B5B6-3D43-43E9-B38B-B62FE0BD7A3C}.Release|Any CPU.Build.0 = Release|Any CPU
	EndGlobalSection
	GlobalSection(SolutionProperties) = preSolution
		HideSolutionNode = FALSE
	EndGlobalSection
	GlobalSection(ExtensibilityGlobals) = postSolution
		SolutionGuid = {4A05E37C-5209-4CBE-812D-43BE6F22708A}
	EndGlobalSection
EndGlobal
